
Microsoft Visual Studio Solution File, Format Version 12.00
# Visual Studio 15
VisualStudioVersion = 15.0.27004.2009
MinimumVisualStudioVersion = 10.0.40219.1
Project("{2150E333-8FDC-42A3-9474-1A3956D46DE8}") = ".nuget", ".nuget", "{45B6B734-A222-41E6-9305-29F469B8D123}"
	ProjectSection(SolutionItems) = preProject
		.nuget\NuGet.Config = .nuget\NuGet.Config
		.nuget\NuGet.exe = .nuget\NuGet.exe
		.nuget\NuGet.targets = .nuget\NuGet.targets
		.nuget\packages.config = .nuget\packages.config
	EndProjectSection
EndProject
Project("{2150E333-8FDC-42A3-9474-1A3956D46DE8}") = "Tests", "Tests", "{5D9663AD-49A9-4242-8301-1EC20C8959FE}"
EndProject
Project("{2150E333-8FDC-42A3-9474-1A3956D46DE8}") = "Solution Items", "Solution Items", "{5D97C962-1BFD-4A6B-989A-604242CD9A9B}"
	ProjectSection(SolutionItems) = preProject
		README.md = README.md
	EndProjectSection
EndProject
Project("{2150E333-8FDC-42A3-9474-1A3956D46DE8}") = "DomainModelLayer", "DomainModelLayer", "{B1BE683E-8611-4D37-9998-F45904F66A65}"
EndProject
Project("{FAE04EC0-301F-11D3-BF4B-00C04F79EFBC}") = "SAMA.XSolution.Repository.EF", "XSolution\Domain.Storage.EF\SAMA.XSolution.Repository.EF.csproj", "{F10E9DEE-EF04-4A8E-85C1-3A41C9E5D176}"
EndProject
Project("{2150E333-8FDC-42A3-9474-1A3956D46DE8}") = "InfrastructureLayer", "InfrastructureLayer", "{9F9F80F3-F6AB-4929-87BA-6A9CEEB857A0}"
EndProject
Project("{FAE04EC0-301F-11D3-BF4B-00C04F79EFBC}") = "SAMA.XSolution.Domain.Integration.Test", "XSolution\Domain.Test.Integration\SAMA.XSolution.Domain.Integration.Test.csproj", "{572D77C9-D9E3-4643-B1FC-B889A7722366}"
EndProject
Project("{FAE04EC0-301F-11D3-BF4B-00C04F79EFBC}") = "SAMA.XSolution.Handlers", "XSolution\Handlers\SAMA.XSolution.Handlers.csproj", "{9F9712D8-486D-4654-AC19-C6E9BEAEC0AB}"
EndProject
Project("{FAE04EC0-301F-11D3-BF4B-00C04F79EFBC}") = "SAMA.XSolution.Endpoint", "XSolution\Host.Masstransit\SAMA.XSolution.Endpoint.csproj", "{12522514-2336-4421-88B4-EAB33CB77965}"
EndProject
Project("{FAE04EC0-301F-11D3-BF4B-00C04F79EFBC}") = "SAMA.XSolution.Messages", "XSolution\Messages\SAMA.XSolution.Messages.csproj", "{DB1267E4-D22A-482F-98D6-78C774078AEF}"
EndProject
Project("{FAE04EC0-301F-11D3-BF4B-00C04F79EFBC}") = "SAMA.XSolution.Domain", "XSolution\Domain\SAMA.XSolution.Domain.csproj", "{7503DC12-46FC-498A-B9CC-3990548128EB}"
EndProject
Project("{2150E333-8FDC-42A3-9474-1A3956D46DE8}") = "ApplicationLayer", "ApplicationLayer", "{295EF427-B5D6-4FF7-8665-38616FF3750E}"
EndProject
Project("{FAE04EC0-301F-11D3-BF4B-00C04F79EFBC}") = "SAMA.XSolution.WebApi", "XSolution\SAMA.XSolution.WebApi\SAMA.XSolution.WebApi.csproj", "{9AE18464-5A8E-4713-863B-B3F879097977}"
EndProject
Project("{FAE04EC0-301F-11D3-BF4B-00C04F79EFBC}") = "SAMA.XSolution.WebApi.Test", "XSolution\SAMA.XSolution.WebApi.Test\SAMA.XSolution.WebApi.Test.csproj", "{38CCF9C4-A0DA-46D5-AB83-937F99F81D23}"
EndProject
Global
	GlobalSection(SolutionConfigurationPlatforms) = preSolution
		Debug|Any CPU = Debug|Any CPU
		Release|Any CPU = Release|Any CPU
	EndGlobalSection
	GlobalSection(ProjectConfigurationPlatforms) = postSolution
		{F10E9DEE-EF04-4A8E-85C1-3A41C9E5D176}.Debug|Any CPU.ActiveCfg = Debug|Any CPU
		{F10E9DEE-EF04-4A8E-85C1-3A41C9E5D176}.Debug|Any CPU.Build.0 = Debug|Any CPU
		{F10E9DEE-EF04-4A8E-85C1-3A41C9E5D176}.Release|Any CPU.ActiveCfg = Release|Any CPU
		{F10E9DEE-EF04-4A8E-85C1-3A41C9E5D176}.Release|Any CPU.Build.0 = Release|Any CPU
		{572D77C9-D9E3-4643-B1FC-B889A7722366}.Debug|Any CPU.ActiveCfg = Debug|Any CPU
		{572D77C9-D9E3-4643-B1FC-B889A7722366}.Debug|Any CPU.Build.0 = Debug|Any CPU
		{572D77C9-D9E3-4643-B1FC-B889A7722366}.Release|Any CPU.ActiveCfg = Release|Any CPU
		{572D77C9-D9E3-4643-B1FC-B889A7722366}.Release|Any CPU.Build.0 = Release|Any CPU
		{9F9712D8-486D-4654-AC19-C6E9BEAEC0AB}.Debug|Any CPU.ActiveCfg = Debug|Any CPU
		{9F9712D8-486D-4654-AC19-C6E9BEAEC0AB}.Debug|Any CPU.Build.0 = Debug|Any CPU
		{9F9712D8-486D-4654-AC19-C6E9BEAEC0AB}.Release|Any CPU.ActiveCfg = Release|Any CPU
		{9F9712D8-486D-4654-AC19-C6E9BEAEC0AB}.Release|Any CPU.Build.0 = Release|Any CPU
		{12522514-2336-4421-88B4-EAB33CB77965}.Debug|Any CPU.ActiveCfg = Debug|Any CPU
		{12522514-2336-4421-88B4-EAB33CB77965}.Debug|Any CPU.Build.0 = Debug|Any CPU
		{12522514-2336-4421-88B4-EAB33CB77965}.Release|Any CPU.ActiveCfg = Release|Any CPU
		{12522514-2336-4421-88B4-EAB33CB77965}.Release|Any CPU.Build.0 = Release|Any CPU
		{DB1267E4-D22A-482F-98D6-78C774078AEF}.Debug|Any CPU.ActiveCfg = Debug|Any CPU
		{DB1267E4-D22A-482F-98D6-78C774078AEF}.Debug|Any CPU.Build.0 = Debug|Any CPU
		{DB1267E4-D22A-482F-98D6-78C774078AEF}.Release|Any CPU.ActiveCfg = Release|Any CPU
		{DB1267E4-D22A-482F-98D6-78C774078AEF}.Release|Any CPU.Build.0 = Release|Any CPU
		{7503DC12-46FC-498A-B9CC-3990548128EB}.Debug|Any CPU.ActiveCfg = Debug|Any CPU
		{7503DC12-46FC-498A-B9CC-3990548128EB}.Debug|Any CPU.Build.0 = Debug|Any CPU
		{7503DC12-46FC-498A-B9CC-3990548128EB}.Release|Any CPU.ActiveCfg = Release|Any CPU
		{7503DC12-46FC-498A-B9CC-3990548128EB}.Release|Any CPU.Build.0 = Release|Any CPU
		{9AE18464-5A8E-4713-863B-B3F879097977}.Debug|Any CPU.ActiveCfg = Debug|Any CPU
		{9AE18464-5A8E-4713-863B-B3F879097977}.Debug|Any CPU.Build.0 = Debug|Any CPU
		{9AE18464-5A8E-4713-863B-B3F879097977}.Release|Any CPU.ActiveCfg = Release|Any CPU
		{9AE18464-5A8E-4713-863B-B3F879097977}.Release|Any CPU.Build.0 = Release|Any CPU
		{38CCF9C4-A0DA-46D5-AB83-937F99F81D23}.Debug|Any CPU.ActiveCfg = Debug|Any CPU
		{38CCF9C4-A0DA-46D5-AB83-937F99F81D23}.Debug|Any CPU.Build.0 = Debug|Any CPU
		{38CCF9C4-A0DA-46D5-AB83-937F99F81D23}.Release|Any CPU.ActiveCfg = Release|Any CPU
		{38CCF9C4-A0DA-46D5-AB83-937F99F81D23}.Release|Any CPU.Build.0 = Release|Any CPU
	EndGlobalSection
	GlobalSection(SolutionProperties) = preSolution
		HideSolutionNode = FALSE
	EndGlobalSection
	GlobalSection(NestedProjects) = preSolution
		{F10E9DEE-EF04-4A8E-85C1-3A41C9E5D176} = {9F9F80F3-F6AB-4929-87BA-6A9CEEB857A0}
		{572D77C9-D9E3-4643-B1FC-B889A7722366} = {5D9663AD-49A9-4242-8301-1EC20C8959FE}
		{9F9712D8-486D-4654-AC19-C6E9BEAEC0AB} = {295EF427-B5D6-4FF7-8665-38616FF3750E}
		{12522514-2336-4421-88B4-EAB33CB77965} = {295EF427-B5D6-4FF7-8665-38616FF3750E}
		{DB1267E4-D22A-482F-98D6-78C774078AEF} = {295EF427-B5D6-4FF7-8665-38616FF3750E}
		{7503DC12-46FC-498A-B9CC-3990548128EB} = {B1BE683E-8611-4D37-9998-F45904F66A65}
		{9AE18464-5A8E-4713-863B-B3F879097977} = {295EF427-B5D6-4FF7-8665-38616FF3750E}
		{38CCF9C4-A0DA-46D5-AB83-937F99F81D23} = {5D9663AD-49A9-4242-8301-1EC20C8959FE}
	EndGlobalSection
	GlobalSection(ExtensibilityGlobals) = postSolution
		SolutionGuid = {CC24A186-640B-4A43-B195-4EB52E4A334A}
	EndGlobalSection
EndGlobal
